
Microsoft Visual Studio Solution File, Format Version 12.00
# Visual Studio 15
VisualStudioVersion = 15.0.28307.438
MinimumVisualStudioVersion = 10.0.40219.1
Project("{8BC9CEB8-8B4A-11D0-8D11-00A0C91BC942}") = "实验11贪心算法：最优前缀编码", "实验11贪心算法：最优前缀编码\实验11贪心算法：最优前缀编码.vcxproj", "{F0C0D89C-8076-4A20-A129-839454726888}"
EndProject
Global
	GlobalSection(SolutionConfigurationPlatforms) = preSolution
		Debug|x64 = Debug|x64
		Debug|x86 = Debug|x86
		Release|x64 = Release|x64
		Release|x86 = Release|x86
	EndGlobalSection
	GlobalSection(ProjectConfigurationPlatforms) = postSolution
		{F0C0D89C-8076-4A20-A129-839454726888}.Debug|x64.ActiveCfg = Debug|x64
		{F0C0D89C-8076-4A20-A129-839454726888}.Debug|x64.Build.0 = Debug|x64
		{F0C0D89C-8076-4A20-A129-839454726888}.Debug|x86.ActiveCfg = Debug|Win32
		{F0C0D89C-8076-4A20-A129-839454726888}.Debug|x86.Build.0 = Debug|Win32
		{F0C0D89C-8076-4A20-A129-839454726888}.Release|x64.ActiveCfg = Release|x64
		{F0C0D89C-8076-4A20-A129-839454726888}.Release|x64.Build.0 = Release|x64
		{F0C0D89C-8076-4A20-A129-839454726888}.Release|x86.ActiveCfg = Release|Win32
		{F0C0D89C-8076-4A20-A129-839454726888}.Release|x86.Build.0 = Release|Win32
	EndGlobalSection
	GlobalSection(SolutionProperties) = preSolution
		HideSolutionNode = FALSE
	EndGlobalSection
	GlobalSection(ExtensibilityGlobals) = postSolution
		SolutionGuid = {3012E610-1FFE-4586-B3B0-53ADB8136178}
	EndGlobalSection
EndGlobal
